
Microsoft Visual Studio Solution File, Format Version 12.00
# Visual Studio 14
VisualStudioVersion = 14.0.25420.1
MinimumVisualStudioVersion = 10.0.40219.1
Project("{DA7A21FA-8162-4350-AD77-A8D1B671F3ED}") = "Data_Mining", "Data_Mining\Data_Mining.rxproj", "{5DC1563F-0023-4062-8109-04DDBCD37F34}"
EndProject
Global
	GlobalSection(SolutionConfigurationPlatforms) = preSolution
		Debug|Any CPU = Debug|Any CPU
		Release|Any CPU = Release|Any CPU
	EndGlobalSection
	GlobalSection(ProjectConfigurationPlatforms) = postSolution
		{5DC1563F-0023-4062-8109-04DDBCD37F34}.Debug|Any CPU.ActiveCfg = Debug|Any CPU
		{5DC1563F-0023-4062-8109-04DDBCD37F34}.Debug|Any CPU.Build.0 = Debug|Any CPU
		{5DC1563F-0023-4062-8109-04DDBCD37F34}.Release|Any CPU.ActiveCfg = Release|Any CPU
		{5DC1563F-0023-4062-8109-04DDBCD37F34}.Release|Any CPU.Build.0 = Release|Any CPU
	EndGlobalSection
	GlobalSection(SolutionProperties) = preSolution
		HideSolutionNode = FALSE
	EndGlobalSection
	GlobalSection(TeamFoundationVersionControl) = preSolution
		SccNumberOfProjects = 2
		SccEnterpriseProvider = {4CA58AB2-18FA-4F8D-95D4-32DDF27D184C}
		SccTeamFoundationServer = https://cronodata.visualstudio.com/
		SccLocalPath0 = .
		SccProjectUniqueName1 = Data_Mining\\Data_Mining.rxproj
		SccProjectName1 = Data_Mining
		SccLocalPath1 = Data_Mining
	EndGlobalSection
EndGlobal
